
Microsoft Visual Studio Solution File, Format Version 12.00
# Visual Studio Version 16
VisualStudioVersion = 16.0.31515.178
MinimumVisualStudioVersion = 10.0.40219.1
Project("{FAE04EC0-301F-11D3-BF4B-00C04F79EFBC}") = "simple ml app 01", "simple ml app 01.csproj", "{0D53DE72-8DD0-4B21-B33C-49B1B35DA5AE}"
EndProject
Project("{9A19103F-16F7-4668-BE54-9A1E7A4F7556}") = "simple ml app 01ML.Model", "..\simple ml app 01ML.Model\simple ml app 01ML.Model.csproj", "{8B8BF1AA-EED3-4448-BA7C-511701EC24EC}"
EndProject
Project("{9A19103F-16F7-4668-BE54-9A1E7A4F7556}") = "simple ml app 01ML.ConsoleApp", "..\simple ml app 01ML.ConsoleApp\simple ml app 01ML.ConsoleApp.csproj", "{B1E93BBB-CE4B-410A-A672-FD6AEDA34148}"
EndProject
Global
	GlobalSection(SolutionConfigurationPlatforms) = preSolution
		Debug|Any CPU = Debug|Any CPU
		Release|Any CPU = Release|Any CPU
	EndGlobalSection
	GlobalSection(ProjectConfigurationPlatforms) = postSolution
		{0D53DE72-8DD0-4B21-B33C-49B1B35DA5AE}.Debug|Any CPU.ActiveCfg = Debug|Any CPU
		{0D53DE72-8DD0-4B21-B33C-49B1B35DA5AE}.Debug|Any CPU.Build.0 = Debug|Any CPU
		{0D53DE72-8DD0-4B21-B33C-49B1B35DA5AE}.Release|Any CPU.ActiveCfg = Release|Any CPU
		{0D53DE72-8DD0-4B21-B33C-49B1B35DA5AE}.Release|Any CPU.Build.0 = Release|Any CPU
		{8B8BF1AA-EED3-4448-BA7C-511701EC24EC}.Debug|Any CPU.ActiveCfg = Debug|Any CPU
		{8B8BF1AA-EED3-4448-BA7C-511701EC24EC}.Debug|Any CPU.Build.0 = Debug|Any CPU
		{8B8BF1AA-EED3-4448-BA7C-511701EC24EC}.Release|Any CPU.ActiveCfg = Release|Any CPU
		{8B8BF1AA-EED3-4448-BA7C-511701EC24EC}.Release|Any CPU.Build.0 = Release|Any CPU
		{B1E93BBB-CE4B-410A-A672-FD6AEDA34148}.Debug|Any CPU.ActiveCfg = Debug|Any CPU
		{B1E93BBB-CE4B-410A-A672-FD6AEDA34148}.Debug|Any CPU.Build.0 = Debug|Any CPU
		{B1E93BBB-CE4B-410A-A672-FD6AEDA34148}.Release|Any CPU.ActiveCfg = Release|Any CPU
		{B1E93BBB-CE4B-410A-A672-FD6AEDA34148}.Release|Any CPU.Build.0 = Release|Any CPU
	EndGlobalSection
	GlobalSection(SolutionProperties) = preSolution
		HideSolutionNode = FALSE
	EndGlobalSection
	GlobalSection(ExtensibilityGlobals) = postSolution
		SolutionGuid = {9C86C540-8007-4D76-BFC9-85FB8702CD45}
	EndGlobalSection
EndGlobal
